// !$*UTF8*$!
{
	archiveVersion = 1;
	classes = {
	};
	objectVersion = 50;
	objects = {

/* Begin PBXBuildFile section */
		FA9743CD2327E12300A5343A /* AppDelegate.swift in Sources */ = {isa = PBXBuildFile; fileRef = FA9743CC2327E12300A5343A /* AppDelegate.swift */; };
		FA9743D22327E12300A5343A /* Main.storyboard in Resources */ = {isa = PBXBuildFile; fileRef = FA9743D02327E12300A5343A /* Main.storyboard */; };
		FA9743D42327E12500A5343A /* Assets.xcassets in Resources */ = {isa = PBXBuildFile; fileRef = FA9743D32327E12500A5343A /* Assets.xcassets */; };
		FA9743D72327E12500A5343A /* LaunchScreen.storyboard in Resources */ = {isa = PBXBuildFile; fileRef = FA9743D52327E12500A5343A /* LaunchScreen.storyboard */; };
		FA9743DF2327E18100A5343A /* MainTableViewController.swift in Sources */ = {isa = PBXBuildFile; fileRef = FA9743DE2327E18100A5343A /* MainTableViewController.swift */; };
		FA9743E12327E18900A5343A /* NewsViewController.swift in Sources */ = {isa = PBXBuildFile; fileRef = FA9743E02327E18900A5343A /* NewsViewController.swift */; };
		FA9743E82328473700A5343A /* GeneralInfoCell.swift in Sources */ = {isa = PBXBuildFile; fileRef = FA9743E62328473700A5343A /* GeneralInfoCell.swift */; };
		FA9743ED232849F900A5343A /* UITableViewCell+Extension.swift in Sources */ = {isa = PBXBuildFile; fileRef = FA9743EC232849F900A5343A /* UITableViewCell+Extension.swift */; };
		FA9743EF23284CA900A5343A /* MainViewModel.swift in Sources */ = {isa = PBXBuildFile; fileRef = FA9743EE23284CA900A5343A /* MainViewModel.swift */; };
		FA9743F22329122300A5343A /* NewsCell.swift in Sources */ = {isa = PBXBuildFile; fileRef = FA9743F02329122300A5343A /* NewsCell.swift */; };
		FA9743F32329122300A5343A /* NewsCell.xib in Resources */ = {isa = PBXBuildFile; fileRef = FA9743F12329122300A5343A /* NewsCell.xib */; };
		FA9743F523291BB800A5343A /* BasicModel.swift in Sources */ = {isa = PBXBuildFile; fileRef = FA9743F423291BB800A5343A /* BasicModel.swift */; };
		FA9743F72329377200A5343A /* DetailViewController.swift in Sources */ = {isa = PBXBuildFile; fileRef = FA9743F62329377200A5343A /* DetailViewController.swift */; };
		FA9743F9232958DE00A5343A /* XMLParser.swift in Sources */ = {isa = PBXBuildFile; fileRef = FA9743F8232958DD00A5343A /* XMLParser.swift */; };
		FA9743FC2329911E00A5343A /* NetworkEndpoints.swift in Sources */ = {isa = PBXBuildFile; fileRef = FA9743FB2329911E00A5343A /* NetworkEndpoints.swift */; };
		FA9743FE232A32FB00A5343A /* BusinessNewsViewController.swift in Sources */ = {isa = PBXBuildFile; fileRef = FA9743FD232A32FB00A5343A /* BusinessNewsViewController.swift */; };
		FA974400232A330E00A5343A /* OthersNewsViewController.swift in Sources */ = {isa = PBXBuildFile; fileRef = FA9743FF232A330E00A5343A /* OthersNewsViewController.swift */; };
/* End PBXBuildFile section */

/* Begin PBXFileReference section */
		FA9743C92327E12300A5343A /* UvoteamApp.app */ = {isa = PBXFileReference; explicitFileType = wrapper.application; includeInIndex = 0; path = UvoteamApp.app; sourceTree = BUILT_PRODUCTS_DIR; };
		FA9743CC2327E12300A5343A /* AppDelegate.swift */ = {isa = PBXFileReference; lastKnownFileType = sourcecode.swift; path = AppDelegate.swift; sourceTree = "<group>"; };
		FA9743D12327E12300A5343A /* Base */ = {isa = PBXFileReference; lastKnownFileType = file.storyboard; name = Base; path = Base.lproj/Main.storyboard; sourceTree = "<group>"; };
		FA9743D32327E12500A5343A /* Assets.xcassets */ = {isa = PBXFileReference; lastKnownFileType = folder.assetcatalog; path = Assets.xcassets; sourceTree = "<group>"; };
		FA9743D62327E12500A5343A /* Base */ = {isa = PBXFileReference; lastKnownFileType = file.storyboard; name = Base; path = Base.lproj/LaunchScreen.storyboard; sourceTree = "<group>"; };
		FA9743D82327E12500A5343A /* Info.plist */ = {isa = PBXFileReference; lastKnownFileType = text.plist.xml; path = Info.plist; sourceTree = "<group>"; };
		FA9743DE2327E18100A5343A /* MainTableViewController.swift */ = {isa = PBXFileReference; lastKnownFileType = sourcecode.swift; path = MainTableViewController.swift; sourceTree = "<group>"; };
		FA9743E02327E18900A5343A /* NewsViewController.swift */ = {isa = PBXFileReference; lastKnownFileType = sourcecode.swift; path = NewsViewController.swift; sourceTree = "<group>"; };
		FA9743E62328473700A5343A /* GeneralInfoCell.swift */ = {isa = PBXFileReference; lastKnownFileType = sourcecode.swift; path = GeneralInfoCell.swift; sourceTree = "<group>"; };
		FA9743EC232849F900A5343A /* UITableViewCell+Extension.swift */ = {isa = PBXFileReference; lastKnownFileType = sourcecode.swift; path = "UITableViewCell+Extension.swift"; sourceTree = "<group>"; };
		FA9743EE23284CA900A5343A /* MainViewModel.swift */ = {isa = PBXFileReference; lastKnownFileType = sourcecode.swift; path = MainViewModel.swift; sourceTree = "<group>"; };
		FA9743F02329122300A5343A /* NewsCell.swift */ = {isa = PBXFileReference; lastKnownFileType = sourcecode.swift; path = NewsCell.swift; sourceTree = "<group>"; };
		FA9743F12329122300A5343A /* NewsCell.xib */ = {isa = PBXFileReference; lastKnownFileType = file.xib; path = NewsCell.xib; sourceTree = "<group>"; };
		FA9743F423291BB800A5343A /* BasicModel.swift */ = {isa = PBXFileReference; lastKnownFileType = sourcecode.swift; path = BasicModel.swift; sourceTree = "<group>"; };
		FA9743F62329377200A5343A /* DetailViewController.swift */ = {isa = PBXFileReference; lastKnownFileType = sourcecode.swift; path = DetailViewController.swift; sourceTree = "<group>"; };
		FA9743F8232958DD00A5343A /* XMLParser.swift */ = {isa = PBXFileReference; lastKnownFileType = sourcecode.swift; path = XMLParser.swift; sourceTree = "<group>"; };
		FA9743FB2329911E00A5343A /* NetworkEndpoints.swift */ = {isa = PBXFileReference; lastKnownFileType = sourcecode.swift; path = NetworkEndpoints.swift; sourceTree = "<group>"; };
		FA9743FD232A32FB00A5343A /* BusinessNewsViewController.swift */ = {isa = PBXFileReference; lastKnownFileType = sourcecode.swift; path = BusinessNewsViewController.swift; sourceTree = "<group>"; };
		FA9743FF232A330E00A5343A /* OthersNewsViewController.swift */ = {isa = PBXFileReference; lastKnownFileType = sourcecode.swift; path = OthersNewsViewController.swift; sourceTree = "<group>"; };
/* End PBXFileReference section */

/* Begin PBXFrameworksBuildPhase section */
		FA9743C62327E12300A5343A /* Frameworks */ = {
			isa = PBXFrameworksBuildPhase;
			buildActionMask = 2147483647;
			files = (
			);
			runOnlyForDeploymentPostprocessing = 0;
		};
/* End PBXFrameworksBuildPhase section */

/* Begin PBXGroup section */
		FA9743C02327E12300A5343A = {
			isa = PBXGroup;
			children = (
				FA9743CB2327E12300A5343A /* UvoteamApp */,
				FA9743CA2327E12300A5343A /* Products */,
			);
			sourceTree = "<group>";
		};
		FA9743CA2327E12300A5343A /* Products */ = {
			isa = PBXGroup;
			children = (
				FA9743C92327E12300A5343A /* UvoteamApp.app */,
			);
			name = Products;
			sourceTree = "<group>";
		};
		FA9743CB2327E12300A5343A /* UvoteamApp */ = {
			isa = PBXGroup;
			children = (
				FA9743CC2327E12300A5343A /* AppDelegate.swift */,
				FA9743E52327E1B400A5343A /* Support Files */,
				FA9743FA232990F100A5343A /* Network */,
				FA9743EA2328474200A5343A /* Table View Cells */,
				FA9743E42327E1A400A5343A /* Controller */,
				FA9743E32327E19900A5343A /* Storyboard */,
				FA9743EB2328499F00A5343A /* Extensions */,
				FA9743E22327E19300A5343A /* Model */,
			);
			path = UvoteamApp;
			sourceTree = "<group>";
		};
		FA9743E22327E19300A5343A /* Model */ = {
			isa = PBXGroup;
			children = (
				FA9743EE23284CA900A5343A /* MainViewModel.swift */,
				FA9743F423291BB800A5343A /* BasicModel.swift */,
			);
			path = Model;
			sourceTree = "<group>";
		};
		FA9743E32327E19900A5343A /* Storyboard */ = {
			isa = PBXGroup;
			children = (
				FA9743D52327E12500A5343A /* LaunchScreen.storyboard */,
				FA9743D02327E12300A5343A /* Main.storyboard */,
			);
			path = Storyboard;
			sourceTree = "<group>";
		};
		FA9743E42327E1A400A5343A /* Controller */ = {
			isa = PBXGroup;
			children = (
				FA9743DE2327E18100A5343A /* MainTableViewController.swift */,
				FA9743E02327E18900A5343A /* NewsViewController.swift */,
				FA9743FD232A32FB00A5343A /* BusinessNewsViewController.swift */,
				FA9743FF232A330E00A5343A /* OthersNewsViewController.swift */,
				FA9743F62329377200A5343A /* DetailViewController.swift */,
				FA9743F8232958DD00A5343A /* XMLParser.swift */,
			);
			path = Controller;
			sourceTree = "<group>";
		};
		FA9743E52327E1B400A5343A /* Support Files */ = {
			isa = PBXGroup;
			children = (
				FA9743D32327E12500A5343A /* Assets.xcassets */,
				FA9743D82327E12500A5343A /* Info.plist */,
			);
			path = "Support Files";
			sourceTree = "<group>";
		};
		FA9743EA2328474200A5343A /* Table View Cells */ = {
			isa = PBXGroup;
			children = (
				FA9743E62328473700A5343A /* GeneralInfoCell.swift */,
				FA9743F02329122300A5343A /* NewsCell.swift */,
				FA9743F12329122300A5343A /* NewsCell.xib */,
			);
			path = "Table View Cells";
			sourceTree = "<group>";
		};
		FA9743EB2328499F00A5343A /* Extensions */ = {
			isa = PBXGroup;
			children = (
				FA9743EC232849F900A5343A /* UITableViewCell+Extension.swift */,
			);
			path = Extensions;
			sourceTree = "<group>";
		};
		FA9743FA232990F100A5343A /* Network */ = {
			isa = PBXGroup;
			children = (
				FA9743FB2329911E00A5343A /* NetworkEndpoints.swift */,
			);
			path = Network;
			sourceTree = "<group>";
		};
/* End PBXGroup section */

/* Begin PBXNativeTarget section */
		FA9743C82327E12300A5343A /* UvoteamApp */ = {
			isa = PBXNativeTarget;
			buildConfigurationList = FA9743DB2327E12500A5343A /* Build configuration list for PBXNativeTarget "UvoteamApp" */;
			buildPhases = (
				FA9743C52327E12300A5343A /* Sources */,
				FA9743C62327E12300A5343A /* Frameworks */,
				FA9743C72327E12300A5343A /* Resources */,
			);
			buildRules = (
			);
			dependencies = (
			);
			name = UvoteamApp;
			productName = UvoteamApp;
			productReference = FA9743C92327E12300A5343A /* UvoteamApp.app */;
			productType = "com.apple.product-type.application";
		};
/* End PBXNativeTarget section */

/* Begin PBXProject section */
		FA9743C12327E12300A5343A /* Project object */ = {
			isa = PBXProject;
			attributes = {
				LastSwiftUpdateCheck = 1030;
				LastUpgradeCheck = 1030;
				ORGANIZATIONNAME = Alex.Ltd.;
				TargetAttributes = {
					FA9743C82327E12300A5343A = {
						CreatedOnToolsVersion = 10.3;
					};
				};
			};
			buildConfigurationList = FA9743C42327E12300A5343A /* Build configuration list for PBXProject "UvoteamApp" */;
			compatibilityVersion = "Xcode 9.3";
			developmentRegion = en;
			hasScannedForEncodings = 0;
			knownRegions = (
				en,
				Base,
			);
			mainGroup = FA9743C02327E12300A5343A;
			productRefGroup = FA9743CA2327E12300A5343A /* Products */;
			projectDirPath = "";
			projectRoot = "";
			targets = (
				FA9743C82327E12300A5343A /* UvoteamApp */,
			);
		};
/* End PBXProject section */

/* Begin PBXResourcesBuildPhase section */
		FA9743C72327E12300A5343A /* Resources */ = {
			isa = PBXResourcesBuildPhase;
			buildActionMask = 2147483647;
			files = (
				FA9743D72327E12500A5343A /* LaunchScreen.storyboard in Resources */,
				FA9743D42327E12500A5343A /* Assets.xcassets in Resources */,
				FA9743F32329122300A5343A /* NewsCell.xib in Resources */,
				FA9743D22327E12300A5343A /* Main.storyboard in Resources */,
			);
			runOnlyForDeploymentPostprocessing = 0;
		};
/* End PBXResourcesBuildPhase section */

/* Begin PBXSourcesBuildPhase section */
		FA9743C52327E12300A5343A /* Sources */ = {
			isa = PBXSourcesBuildPhase;
			buildActionMask = 2147483647;
			files = (
				FA9743F72329377200A5343A /* DetailViewController.swift in Sources */,
				FA9743E12327E18900A5343A /* NewsViewController.swift in Sources */,
				FA974400232A330E00A5343A /* OthersNewsViewController.swift in Sources */,
				FA9743ED232849F900A5343A /* UITableViewCell+Extension.swift in Sources */,
				FA9743CD2327E12300A5343A /* AppDelegate.swift in Sources */,
				FA9743F9232958DE00A5343A /* XMLParser.swift in Sources */,
				FA9743F523291BB800A5343A /* BasicModel.swift in Sources */,
				FA9743FE232A32FB00A5343A /* BusinessNewsViewController.swift in Sources */,
				FA9743F22329122300A5343A /* NewsCell.swift in Sources */,
				FA9743E82328473700A5343A /* GeneralInfoCell.swift in Sources */,
				FA9743DF2327E18100A5343A /* MainTableViewController.swift in Sources */,
				FA9743EF23284CA900A5343A /* MainViewModel.swift in Sources */,
				FA9743FC2329911E00A5343A /* NetworkEndpoints.swift in Sources */,
			);
			runOnlyForDeploymentPostprocessing = 0;
		};
/* End PBXSourcesBuildPhase section */

/* Begin PBXVariantGroup section */
		FA9743D02327E12300A5343A /* Main.storyboard */ = {
			isa = PBXVariantGroup;
			children = (
				FA9743D12327E12300A5343A /* Base */,
			);
			name = Main.storyboard;
			sourceTree = "<group>";
		};
		FA9743D52327E12500A5343A /* LaunchScreen.storyboard */ = {
			isa = PBXVariantGroup;
			children = (
				FA9743D62327E12500A5343A /* Base */,
			);
			name = LaunchScreen.storyboard;
			sourceTree = "<group>";
		};
/* End PBXVariantGroup section */

/* Begin XCBuildConfiguration section */
		FA9743D92327E12500A5343A /* Debug */ = {
			isa = XCBuildConfiguration;
			buildSettings = {
				ALWAYS_SEARCH_USER_PATHS = NO;
				CLANG_ANALYZER_NONNULL = YES;
				CLANG_ANALYZER_NUMBER_OBJECT_CONVERSION = YES_AGGRESSIVE;
				CLANG_CXX_LANGUAGE_STANDARD = "gnu++14";
				CLANG_CXX_LIBRARY = "libc++";
				CLANG_ENABLE_MODULES = YES;
				CLANG_ENABLE_OBJC_ARC = YES;
				CLANG_ENABLE_OBJC_WEAK = YES;
				CLANG_WARN_BLOCK_CAPTURE_AUTORELEASING = YES;
				CLANG_WARN_BOOL_CONVERSION = YES;
				CLANG_WARN_COMMA = YES;
				CLANG_WARN_CONSTANT_CONVERSION = YES;
				CLANG_WARN_DEPRECATED_OBJC_IMPLEMENTATIONS = YES;
				CLANG_WARN_DIRECT_OBJC_ISA_USAGE = YES_ERROR;
				CLANG_WARN_DOCUMENTATION_COMMENTS = YES;
				CLANG_WARN_EMPTY_BODY = YES;
				CLANG_WARN_ENUM_CONVERSION = YES;
				CLANG_WARN_INFINITE_RECURSION = YES;
				CLANG_WARN_INT_CONVERSION = YES;
				CLANG_WARN_NON_LITERAL_NULL_CONVERSION = YES;
				CLANG_WARN_OBJC_IMPLICIT_RETAIN_SELF = YES;
				CLANG_WARN_OBJC_LITERAL_CONVERSION = YES;
				CLANG_WARN_OBJC_ROOT_CLASS = YES_ERROR;
				CLANG_WARN_RANGE_LOOP_ANALYSIS = YES;
				CLANG_WARN_STRICT_PROTOTYPES = YES;
				CLANG_WARN_SUSPICIOUS_MOVE = YES;
				CLANG_WARN_UNGUARDED_AVAILABILITY = YES_AGGRESSIVE;
				CLANG_WARN_UNREACHABLE_CODE = YES;
				CLANG_WARN__DUPLICATE_METHOD_MATCH = YES;
				CODE_SIGN_IDENTITY = "iPhone Developer";
				COPY_PHASE_STRIP = NO;
				DEBUG_INFORMATION_FORMAT = dwarf;
				ENABLE_STRICT_OBJC_MSGSEND = YES;
				ENABLE_TESTABILITY = YES;
				GCC_C_LANGUAGE_STANDARD = gnu11;
				GCC_DYNAMIC_NO_PIC = NO;
				GCC_NO_COMMON_BLOCKS = YES;
				GCC_OPTIMIZATION_LEVEL = 0;
				GCC_PREPROCESSOR_DEFINITIONS = (
					"DEBUG=1",
					"$(inherited)",
				);
				GCC_WARN_64_TO_32_BIT_CONVERSION = YES;
				GCC_WARN_ABOUT_RETURN_TYPE = YES_ERROR;
				GCC_WARN_UNDECLARED_SELECTOR = YES;
				GCC_WARN_UNINITIALIZED_AUTOS = YES_AGGRESSIVE;
				GCC_WARN_UNUSED_FUNCTION = YES;
				GCC_WARN_UNUSED_VARIABLE = YES;
				IPHONEOS_DEPLOYMENT_TARGET = 12.4;
				MTL_ENABLE_DEBUG_INFO = INCLUDE_SOURCE;
				MTL_FAST_MATH = YES;
				ONLY_ACTIVE_ARCH = YES;
				SDKROOT = iphoneos;
				SWIFT_ACTIVE_COMPILATION_CONDITIONS = DEBUG;
				SWIFT_OPTIMIZATION_LEVEL = "-Onone";
			};
			name = Debug;
		};
		FA9743DA2327E12500A5343A /* Release */ = {
			isa = XCBuildConfiguration;
			buildSettings = {
				ALWAYS_SEARCH_USER_PATHS = NO;
				CLANG_ANALYZER_NONNULL = YES;
				CLANG_ANALYZER_NUMBER_OBJECT_CONVERSION = YES_AGGRESSIVE;
				CLANG_CXX_LANGUAGE_STANDARD = "gnu++14";
				CLANG_CXX_LIBRARY = "libc++";
				CLANG_ENABLE_MODULES = YES;
				CLANG_ENABLE_OBJC_ARC = YES;
				CLANG_ENABLE_OBJC_WEAK = YES;
				CLANG_WARN_BLOCK_CAPTURE_AUTORELEASING = YES;
				CLANG_WARN_BOOL_CONVERSION = YES;
				CLANG_WARN_COMMA = YES;
				CLANG_WARN_CONSTANT_CONVERSION = YES;
				CLANG_WARN_DEPRECATED_OBJC_IMPLEMENTATIONS = YES;
				CLANG_WARN_DIRECT_OBJC_ISA_USAGE = YES_ERROR;
				CLANG_WARN_DOCUMENTATION_COMMENTS = YES;
				CLANG_WARN_EMPTY_BODY = YES;
				CLANG_WARN_ENUM_CONVERSION = YES;
				CLANG_WARN_INFINITE_RECURSION = YES;
				CLANG_WARN_INT_CONVERSION = YES;
				CLANG_WARN_NON_LITERAL_NULL_CONVERSION = YES;
				CLANG_WARN_OBJC_IMPLICIT_RETAIN_SELF = YES;
				CLANG_WARN_OBJC_LITERAL_CONVERSION = YES;
				CLANG_WARN_OBJC_ROOT_CLASS = YES_ERROR;
				CLANG_WARN_RANGE_LOOP_ANALYSIS = YES;
				CLANG_WARN_STRICT_PROTOTYPES = YES;
				CLANG_WARN_SUSPICIOUS_MOVE = YES;
				CLANG_WARN_UNGUARDED_AVAILABILITY = YES_AGGRESSIVE;
				CLANG_WARN_UNREACHABLE_CODE = YES;
				CLANG_WARN__DUPLICATE_METHOD_MATCH = YES;
				CODE_SIGN_IDENTITY = "iPhone Developer";
				COPY_PHASE_STRIP = NO;
				DEBUG_INFORMATION_FORMAT = "dwarf-with-dsym";
				ENABLE_NS_ASSERTIONS = NO;
				ENABLE_STRICT_OBJC_MSGSEND = YES;
				GCC_C_LANGUAGE_STANDARD = gnu11;
				GCC_NO_COMMON_BLOCKS = YES;
				GCC_WARN_64_TO_32_BIT_CONVERSION = YES;
				GCC_WARN_ABOUT_RETURN_TYPE = YES_ERROR;
				GCC_WARN_UNDECLARED_SELECTOR = YES;
				GCC_WARN_UNINITIALIZED_AUTOS = YES_AGGRESSIVE;
				GCC_WARN_UNUSED_FUNCTION = YES;
				GCC_WARN_UNUSED_VARIABLE = YES;
				IPHONEOS_DEPLOYMENT_TARGET = 12.4;
				MTL_ENABLE_DEBUG_INFO = NO;
				MTL_FAST_MATH = YES;
				SDKROOT = iphoneos;
				SWIFT_COMPILATION_MODE = wholemodule;
				SWIFT_OPTIMIZATION_LEVEL = "-O";
				VALIDATE_PRODUCT = YES;
			};
			name = Release;
		};
		FA9743DC2327E12500A5343A /* Debug */ = {
			isa = XCBuildConfiguration;
			buildSettings = {
				ASSETCATALOG_COMPILER_APPICON_NAME = AppIcon;
				CODE_SIGN_STYLE = Automatic;
				DEVELOPMENT_TEAM = 663DYMD95T;
				INFOPLIST_FILE = "$(SRCROOT)/UvoteamApp/Support Files/Info.plist";
				LD_RUNPATH_SEARCH_PATHS = (
					"$(inherited)",
					"@executable_path/Frameworks",
				);
				PRODUCT_BUNDLE_IDENTIFIER = com.AIex.Ltd.UvoteamApp;
				PRODUCT_NAME = "$(TARGET_NAME)";
				SWIFT_VERSION = 5.0;
				TARGETED_DEVICE_FAMILY = "1,2";
			};
			name = Debug;
		};
		FA9743DD2327E12500A5343A /* Release */ = {
			isa = XCBuildConfiguration;
			buildSettings = {
				ASSETCATALOG_COMPILER_APPICON_NAME = AppIcon;
				CODE_SIGN_STYLE = Automatic;
				DEVELOPMENT_TEAM = 663DYMD95T;
				INFOPLIST_FILE = "$(SRCROOT)/UvoteamApp/Support Files/Info.plist";
				LD_RUNPATH_SEARCH_PATHS = (
					"$(inherited)",
					"@executable_path/Frameworks",
				);
				PRODUCT_BUNDLE_IDENTIFIER = com.AIex.Ltd.UvoteamApp;
				PRODUCT_NAME = "$(TARGET_NAME)";
				SWIFT_VERSION = 5.0;
				TARGETED_DEVICE_FAMILY = "1,2";
			};
			name = Release;
		};
/* End XCBuildConfiguration section */

/* Begin XCConfigurationList section */
		FA9743C42327E12300A5343A /* Build configuration list for PBXProject "UvoteamApp" */ = {
			isa = XCConfigurationList;
			buildConfigurations = (
				FA9743D92327E12500A5343A /* Debug */,
				FA9743DA2327E12500A5343A /* Release */,
			);
			defaultConfigurationIsVisible = 0;
			defaultConfigurationName = Release;
		};
		FA9743DB2327E12500A5343A /* Build configuration list for PBXNativeTarget "UvoteamApp" */ = {
			isa = XCConfigurationList;
			buildConfigurations = (
				FA9743DC2327E12500A5343A /* Debug */,
				FA9743DD2327E12500A5343A /* Release */,
			);
			defaultConfigurationIsVisible = 0;
			defaultConfigurationName = Release;
		};
/* End XCConfigurationList section */
	};
	rootObject = FA9743C12327E12300A5343A /* Project object */;
}
